// !$*UTF8*$!
{
	archiveVersion = 1;
	classes = {
	};
	objectVersion = 56;
	objects = {

/* Begin PBXBuildFile section */
		FF574AF52C39128F00CFD25E /* AppDelegate.swift in Sources */ = {isa = PBXBuildFile; fileRef = FF574AF42C39128F00CFD25E /* AppDelegate.swift */; };
		FF574AF72C39128F00CFD25E /* SceneDelegate.swift in Sources */ = {isa = PBXBuildFile; fileRef = FF574AF62C39128F00CFD25E /* SceneDelegate.swift */; };
		FF574AFE2C39129100CFD25E /* Assets.xcassets in Resources */ = {isa = PBXBuildFile; fileRef = FF574AFD2C39129100CFD25E /* Assets.xcassets */; };
		FF574B012C39129100CFD25E /* Base in Resources */ = {isa = PBXBuildFile; fileRef = FF574B002C39129100CFD25E /* Base */; };
		FF574B092C39139200CFD25E /* AuthViewController.swift in Sources */ = {isa = PBXBuildFile; fileRef = FF574B082C39139200CFD25E /* AuthViewController.swift */; };
		FF574B0C2C39150C00CFD25E /* SnapKit in Frameworks */ = {isa = PBXBuildFile; productRef = FF574B0B2C39150C00CFD25E /* SnapKit */; };
		FF574B0E2C3918B500CFD25E /* AppColors.swift in Sources */ = {isa = PBXBuildFile; fileRef = FF574B0D2C3918B500CFD25E /* AppColors.swift */; };
		FF574B102C391BA900CFD25E /* AppSizes.swift in Sources */ = {isa = PBXBuildFile; fileRef = FF574B0F2C391BA900CFD25E /* AppSizes.swift */; };
		FF574B142C392FFA00CFD25E /* FormatTextFieldDelegate.swift in Sources */ = {isa = PBXBuildFile; fileRef = FF574B132C392FFA00CFD25E /* FormatTextFieldDelegate.swift */; };
		FF574B182C39321100CFD25E /* MaskFormatter.swift in Sources */ = {isa = PBXBuildFile; fileRef = FF574B172C39321100CFD25E /* MaskFormatter.swift */; };
		FF574B1C2C39827C00CFD25E /* MainViewController.swift in Sources */ = {isa = PBXBuildFile; fileRef = FF574B1B2C39827C00CFD25E /* MainViewController.swift */; };
		FF574B1E2C39847A00CFD25E /* PizzaTableViewCell.swift in Sources */ = {isa = PBXBuildFile; fileRef = FF574B1D2C39847A00CFD25E /* PizzaTableViewCell.swift */; };
		FF574B202C39898F00CFD25E /* UIImageViewURL.swift in Sources */ = {isa = PBXBuildFile; fileRef = FF574B1F2C39898F00CFD25E /* UIImageViewURL.swift */; };
		FF574B222C399ADF00CFD25E /* PizzaViewModel.swift in Sources */ = {isa = PBXBuildFile; fileRef = FF574B212C399ADF00CFD25E /* PizzaViewModel.swift */; };
		FF574B262C39CAED00CFD25E /* PizzaCardViewController.swift in Sources */ = {isa = PBXBuildFile; fileRef = FF574B252C39CAED00CFD25E /* PizzaCardViewController.swift */; };
		FF574B282C3A5EDE00CFD25E /* PizzaIngredientModel.swift in Sources */ = {isa = PBXBuildFile; fileRef = FF574B272C3A5EDE00CFD25E /* PizzaIngredientModel.swift */; };
		FF574B2A2C3A663300CFD25E /* PizzaSizeModel.swift in Sources */ = {isa = PBXBuildFile; fileRef = FF574B292C3A663300CFD25E /* PizzaSizeModel.swift */; };
		FF574B2C2C3A6D4B00CFD25E /* PizzaDoughModel.swift in Sources */ = {isa = PBXBuildFile; fileRef = FF574B2B2C3A6D4B00CFD25E /* PizzaDoughModel.swift */; };
/* End PBXBuildFile section */

/* Begin PBXFileReference section */
		FF574AF12C39128F00CFD25E /* pizza.app */ = {isa = PBXFileReference; explicitFileType = wrapper.application; includeInIndex = 0; path = pizza.app; sourceTree = BUILT_PRODUCTS_DIR; };
		FF574AF42C39128F00CFD25E /* AppDelegate.swift */ = {isa = PBXFileReference; lastKnownFileType = sourcecode.swift; path = AppDelegate.swift; sourceTree = "<group>"; };
		FF574AF62C39128F00CFD25E /* SceneDelegate.swift */ = {isa = PBXFileReference; lastKnownFileType = sourcecode.swift; path = SceneDelegate.swift; sourceTree = "<group>"; };
		FF574AFD2C39129100CFD25E /* Assets.xcassets */ = {isa = PBXFileReference; lastKnownFileType = folder.assetcatalog; path = Assets.xcassets; sourceTree = "<group>"; };
		FF574B002C39129100CFD25E /* Base */ = {isa = PBXFileReference; lastKnownFileType = file.storyboard; name = Base; path = Base.lproj/LaunchScreen.storyboard; sourceTree = "<group>"; };
		FF574B022C39129100CFD25E /* Info.plist */ = {isa = PBXFileReference; lastKnownFileType = text.plist.xml; path = Info.plist; sourceTree = "<group>"; };
		FF574B082C39139200CFD25E /* AuthViewController.swift */ = {isa = PBXFileReference; lastKnownFileType = sourcecode.swift; path = AuthViewController.swift; sourceTree = "<group>"; };
		FF574B0D2C3918B500CFD25E /* AppColors.swift */ = {isa = PBXFileReference; lastKnownFileType = sourcecode.swift; path = AppColors.swift; sourceTree = "<group>"; };
		FF574B0F2C391BA900CFD25E /* AppSizes.swift */ = {isa = PBXFileReference; lastKnownFileType = sourcecode.swift; path = AppSizes.swift; sourceTree = "<group>"; };
		FF574B132C392FFA00CFD25E /* FormatTextFieldDelegate.swift */ = {isa = PBXFileReference; lastKnownFileType = sourcecode.swift; path = FormatTextFieldDelegate.swift; sourceTree = "<group>"; };
		FF574B172C39321100CFD25E /* MaskFormatter.swift */ = {isa = PBXFileReference; lastKnownFileType = sourcecode.swift; path = MaskFormatter.swift; sourceTree = "<group>"; };
		FF574B1B2C39827C00CFD25E /* MainViewController.swift */ = {isa = PBXFileReference; lastKnownFileType = sourcecode.swift; path = MainViewController.swift; sourceTree = "<group>"; };
		FF574B1D2C39847A00CFD25E /* PizzaTableViewCell.swift */ = {isa = PBXFileReference; lastKnownFileType = sourcecode.swift; path = PizzaTableViewCell.swift; sourceTree = "<group>"; };
		FF574B1F2C39898F00CFD25E /* UIImageViewURL.swift */ = {isa = PBXFileReference; lastKnownFileType = sourcecode.swift; path = UIImageViewURL.swift; sourceTree = "<group>"; };
		FF574B212C399ADF00CFD25E /* PizzaViewModel.swift */ = {isa = PBXFileReference; lastKnownFileType = sourcecode.swift; path = PizzaViewModel.swift; sourceTree = "<group>"; };
		FF574B252C39CAED00CFD25E /* PizzaCardViewController.swift */ = {isa = PBXFileReference; lastKnownFileType = sourcecode.swift; path = PizzaCardViewController.swift; sourceTree = "<group>"; };
		FF574B272C3A5EDE00CFD25E /* PizzaIngredientModel.swift */ = {isa = PBXFileReference; lastKnownFileType = sourcecode.swift; path = PizzaIngredientModel.swift; sourceTree = "<group>"; };
		FF574B292C3A663300CFD25E /* PizzaSizeModel.swift */ = {isa = PBXFileReference; lastKnownFileType = sourcecode.swift; path = PizzaSizeModel.swift; sourceTree = "<group>"; };
		FF574B2B2C3A6D4B00CFD25E /* PizzaDoughModel.swift */ = {isa = PBXFileReference; lastKnownFileType = sourcecode.swift; path = PizzaDoughModel.swift; sourceTree = "<group>"; };
/* End PBXFileReference section */

/* Begin PBXFrameworksBuildPhase section */
		FF574AEE2C39128F00CFD25E /* Frameworks */ = {
			isa = PBXFrameworksBuildPhase;
			buildActionMask = 2147483647;
			files = (
				FF574B0C2C39150C00CFD25E /* SnapKit in Frameworks */,
			);
			runOnlyForDeploymentPostprocessing = 0;
		};
/* End PBXFrameworksBuildPhase section */

/* Begin PBXGroup section */
		FF574AE82C39128F00CFD25E = {
			isa = PBXGroup;
			children = (
				FF574AF32C39128F00CFD25E /* pizza */,
				FF574AF22C39128F00CFD25E /* Products */,
			);
			sourceTree = "<group>";
		};
		FF574AF22C39128F00CFD25E /* Products */ = {
			isa = PBXGroup;
			children = (
				FF574AF12C39128F00CFD25E /* pizza.app */,
			);
			name = Products;
			sourceTree = "<group>";
		};
		FF574AF32C39128F00CFD25E /* pizza */ = {
			isa = PBXGroup;
			children = (
				FF574AF42C39128F00CFD25E /* AppDelegate.swift */,
				FF574AF62C39128F00CFD25E /* SceneDelegate.swift */,
				FF574AFD2C39129100CFD25E /* Assets.xcassets */,
				FF574AFF2C39129100CFD25E /* LaunchScreen.storyboard */,
				FF574B022C39129100CFD25E /* Info.plist */,
				FF574B082C39139200CFD25E /* AuthViewController.swift */,
				FF574B132C392FFA00CFD25E /* FormatTextFieldDelegate.swift */,
				FF574B0D2C3918B500CFD25E /* AppColors.swift */,
				FF574B0F2C391BA900CFD25E /* AppSizes.swift */,
				FF574B172C39321100CFD25E /* MaskFormatter.swift */,
				FF574B1B2C39827C00CFD25E /* MainViewController.swift */,
				FF574B1D2C39847A00CFD25E /* PizzaTableViewCell.swift */,
				FF574B1F2C39898F00CFD25E /* UIImageViewURL.swift */,
				FF574B212C399ADF00CFD25E /* PizzaViewModel.swift */,
				FF574B252C39CAED00CFD25E /* PizzaCardViewController.swift */,
				FF574B272C3A5EDE00CFD25E /* PizzaIngredientModel.swift */,
				FF574B292C3A663300CFD25E /* PizzaSizeModel.swift */,
				FF574B2B2C3A6D4B00CFD25E /* PizzaDoughModel.swift */,
			);
			path = pizza;
			sourceTree = "<group>";
		};
/* End PBXGroup section */

/* Begin PBXNativeTarget section */
		FF574AF02C39128F00CFD25E /* pizza */ = {
			isa = PBXNativeTarget;
			buildConfigurationList = FF574B052C39129100CFD25E /* Build configuration list for PBXNativeTarget "pizza" */;
			buildPhases = (
				FF574AED2C39128F00CFD25E /* Sources */,
				FF574AEE2C39128F00CFD25E /* Frameworks */,
				FF574AEF2C39128F00CFD25E /* Resources */,
			);
			buildRules = (
			);
			dependencies = (
			);
			name = pizza;
			packageProductDependencies = (
				FF574B0B2C39150C00CFD25E /* SnapKit */,
			);
			productName = pizza;
			productReference = FF574AF12C39128F00CFD25E /* pizza.app */;
			productType = "com.apple.product-type.application";
		};
/* End PBXNativeTarget section */

/* Begin PBXProject section */
		FF574AE92C39128F00CFD25E /* Project object */ = {
			isa = PBXProject;
			attributes = {
				BuildIndependentTargetsInParallel = 1;
				LastSwiftUpdateCheck = 1540;
				LastUpgradeCheck = 1540;
				TargetAttributes = {
					FF574AF02C39128F00CFD25E = {
						CreatedOnToolsVersion = 15.4;
					};
				};
			};
			buildConfigurationList = FF574AEC2C39128F00CFD25E /* Build configuration list for PBXProject "pizza" */;
			compatibilityVersion = "Xcode 14.0";
			developmentRegion = en;
			hasScannedForEncodings = 0;
			knownRegions = (
				en,
				Base,
			);
			mainGroup = FF574AE82C39128F00CFD25E;
			packageReferences = (
				FF574B0A2C39150C00CFD25E /* XCRemoteSwiftPackageReference "SnapKit" */,
			);
			productRefGroup = FF574AF22C39128F00CFD25E /* Products */;
			projectDirPath = "";
			projectRoot = "";
			targets = (
				FF574AF02C39128F00CFD25E /* pizza */,
			);
		};
/* End PBXProject section */

/* Begin PBXResourcesBuildPhase section */
		FF574AEF2C39128F00CFD25E /* Resources */ = {
			isa = PBXResourcesBuildPhase;
			buildActionMask = 2147483647;
			files = (
				FF574AFE2C39129100CFD25E /* Assets.xcassets in Resources */,
				FF574B012C39129100CFD25E /* Base in Resources */,
			);
			runOnlyForDeploymentPostprocessing = 0;
		};
/* End PBXResourcesBuildPhase section */

/* Begin PBXSourcesBuildPhase section */
		FF574AED2C39128F00CFD25E /* Sources */ = {
			isa = PBXSourcesBuildPhase;
			buildActionMask = 2147483647;
			files = (
				FF574B282C3A5EDE00CFD25E /* PizzaIngredientModel.swift in Sources */,
				FF574B142C392FFA00CFD25E /* FormatTextFieldDelegate.swift in Sources */,
				FF574B1E2C39847A00CFD25E /* PizzaTableViewCell.swift in Sources */,
				FF574AF52C39128F00CFD25E /* AppDelegate.swift in Sources */,
				FF574B0E2C3918B500CFD25E /* AppColors.swift in Sources */,
				FF574B102C391BA900CFD25E /* AppSizes.swift in Sources */,
				FF574B2C2C3A6D4B00CFD25E /* PizzaDoughModel.swift in Sources */,
				FF574B092C39139200CFD25E /* AuthViewController.swift in Sources */,
				FF574B202C39898F00CFD25E /* UIImageViewURL.swift in Sources */,
				FF574B222C399ADF00CFD25E /* PizzaViewModel.swift in Sources */,
				FF574B182C39321100CFD25E /* MaskFormatter.swift in Sources */,
				FF574AF72C39128F00CFD25E /* SceneDelegate.swift in Sources */,
				FF574B1C2C39827C00CFD25E /* MainViewController.swift in Sources */,
				FF574B2A2C3A663300CFD25E /* PizzaSizeModel.swift in Sources */,
				FF574B262C39CAED00CFD25E /* PizzaCardViewController.swift in Sources */,
			);
			runOnlyForDeploymentPostprocessing = 0;
		};
/* End PBXSourcesBuildPhase section */

/* Begin PBXVariantGroup section */
		FF574AFF2C39129100CFD25E /* LaunchScreen.storyboard */ = {
			isa = PBXVariantGroup;
			children = (
				FF574B002C39129100CFD25E /* Base */,
			);
			name = LaunchScreen.storyboard;
			sourceTree = "<group>";
		};
/* End PBXVariantGroup section */

/* Begin XCBuildConfiguration section */
		FF574B032C39129100CFD25E /* Debug */ = {
			isa = XCBuildConfiguration;
			buildSettings = {
				ALWAYS_SEARCH_USER_PATHS = NO;
				ASSETCATALOG_COMPILER_GENERATE_SWIFT_ASSET_SYMBOL_EXTENSIONS = YES;
				CLANG_ANALYZER_NONNULL = YES;
				CLANG_ANALYZER_NUMBER_OBJECT_CONVERSION = YES_AGGRESSIVE;
				CLANG_CXX_LANGUAGE_STANDARD = "gnu++20";
				CLANG_ENABLE_MODULES = YES;
				CLANG_ENABLE_OBJC_ARC = YES;
				CLANG_ENABLE_OBJC_WEAK = YES;
				CLANG_WARN_BLOCK_CAPTURE_AUTORELEASING = YES;
				CLANG_WARN_BOOL_CONVERSION = YES;
				CLANG_WARN_COMMA = YES;
				CLANG_WARN_CONSTANT_CONVERSION = YES;
				CLANG_WARN_DEPRECATED_OBJC_IMPLEMENTATIONS = YES;
				CLANG_WARN_DIRECT_OBJC_ISA_USAGE = YES_ERROR;
				CLANG_WARN_DOCUMENTATION_COMMENTS = YES;
				CLANG_WARN_EMPTY_BODY = YES;
				CLANG_WARN_ENUM_CONVERSION = YES;
				CLANG_WARN_INFINITE_RECURSION = YES;
				CLANG_WARN_INT_CONVERSION = YES;
				CLANG_WARN_NON_LITERAL_NULL_CONVERSION = YES;
				CLANG_WARN_OBJC_IMPLICIT_RETAIN_SELF = YES;
				CLANG_WARN_OBJC_LITERAL_CONVERSION = YES;
				CLANG_WARN_OBJC_ROOT_CLASS = YES_ERROR;
				CLANG_WARN_QUOTED_INCLUDE_IN_FRAMEWORK_HEADER = YES;
				CLANG_WARN_RANGE_LOOP_ANALYSIS = YES;
				CLANG_WARN_STRICT_PROTOTYPES = YES;
				CLANG_WARN_SUSPICIOUS_MOVE = YES;
				CLANG_WARN_UNGUARDED_AVAILABILITY = YES_AGGRESSIVE;
				CLANG_WARN_UNREACHABLE_CODE = YES;
				CLANG_WARN__DUPLICATE_METHOD_MATCH = YES;
				COPY_PHASE_STRIP = NO;
				DEBUG_INFORMATION_FORMAT = dwarf;
				ENABLE_STRICT_OBJC_MSGSEND = YES;
				ENABLE_TESTABILITY = YES;
				ENABLE_USER_SCRIPT_SANDBOXING = YES;
				GCC_C_LANGUAGE_STANDARD = gnu17;
				GCC_DYNAMIC_NO_PIC = NO;
				GCC_NO_COMMON_BLOCKS = YES;
				GCC_OPTIMIZATION_LEVEL = 0;
				GCC_PREPROCESSOR_DEFINITIONS = (
					"DEBUG=1",
					"$(inherited)",
				);
				GCC_WARN_64_TO_32_BIT_CONVERSION = YES;
				GCC_WARN_ABOUT_RETURN_TYPE = YES_ERROR;
				GCC_WARN_UNDECLARED_SELECTOR = YES;
				GCC_WARN_UNINITIALIZED_AUTOS = YES_AGGRESSIVE;
				GCC_WARN_UNUSED_FUNCTION = YES;
				GCC_WARN_UNUSED_VARIABLE = YES;
				IPHONEOS_DEPLOYMENT_TARGET = 17.5;
				LOCALIZATION_PREFERS_STRING_CATALOGS = YES;
				MTL_ENABLE_DEBUG_INFO = INCLUDE_SOURCE;
				MTL_FAST_MATH = YES;
				ONLY_ACTIVE_ARCH = YES;
				SDKROOT = iphoneos;
				SWIFT_ACTIVE_COMPILATION_CONDITIONS = "DEBUG $(inherited)";
				SWIFT_OPTIMIZATION_LEVEL = "-Onone";
			};
			name = Debug;
		};
		FF574B042C39129100CFD25E /* Release */ = {
			isa = XCBuildConfiguration;
			buildSettings = {
				ALWAYS_SEARCH_USER_PATHS = NO;
				ASSETCATALOG_COMPILER_GENERATE_SWIFT_ASSET_SYMBOL_EXTENSIONS = YES;
				CLANG_ANALYZER_NONNULL = YES;
				CLANG_ANALYZER_NUMBER_OBJECT_CONVERSION = YES_AGGRESSIVE;
				CLANG_CXX_LANGUAGE_STANDARD = "gnu++20";
				CLANG_ENABLE_MODULES = YES;
				CLANG_ENABLE_OBJC_ARC = YES;
				CLANG_ENABLE_OBJC_WEAK = YES;
				CLANG_WARN_BLOCK_CAPTURE_AUTORELEASING = YES;
				CLANG_WARN_BOOL_CONVERSION = YES;
				CLANG_WARN_COMMA = YES;
				CLANG_WARN_CONSTANT_CONVERSION = YES;
				CLANG_WARN_DEPRECATED_OBJC_IMPLEMENTATIONS = YES;
				CLANG_WARN_DIRECT_OBJC_ISA_USAGE = YES_ERROR;
				CLANG_WARN_DOCUMENTATION_COMMENTS = YES;
				CLANG_WARN_EMPTY_BODY = YES;
				CLANG_WARN_ENUM_CONVERSION = YES;
				CLANG_WARN_INFINITE_RECURSION = YES;
				CLANG_WARN_INT_CONVERSION = YES;
				CLANG_WARN_NON_LITERAL_NULL_CONVERSION = YES;
				CLANG_WARN_OBJC_IMPLICIT_RETAIN_SELF = YES;
				CLANG_WARN_OBJC_LITERAL_CONVERSION = YES;
				CLANG_WARN_OBJC_ROOT_CLASS = YES_ERROR;
				CLANG_WARN_QUOTED_INCLUDE_IN_FRAMEWORK_HEADER = YES;
				CLANG_WARN_RANGE_LOOP_ANALYSIS = YES;
				CLANG_WARN_STRICT_PROTOTYPES = YES;
				CLANG_WARN_SUSPICIOUS_MOVE = YES;
				CLANG_WARN_UNGUARDED_AVAILABILITY = YES_AGGRESSIVE;
				CLANG_WARN_UNREACHABLE_CODE = YES;
				CLANG_WARN__DUPLICATE_METHOD_MATCH = YES;
				COPY_PHASE_STRIP = NO;
				DEBUG_INFORMATION_FORMAT = "dwarf-with-dsym";
				ENABLE_NS_ASSERTIONS = NO;
				ENABLE_STRICT_OBJC_MSGSEND = YES;
				ENABLE_USER_SCRIPT_SANDBOXING = YES;
				GCC_C_LANGUAGE_STANDARD = gnu17;
				GCC_NO_COMMON_BLOCKS = YES;
				GCC_WARN_64_TO_32_BIT_CONVERSION = YES;
				GCC_WARN_ABOUT_RETURN_TYPE = YES_ERROR;
				GCC_WARN_UNDECLARED_SELECTOR = YES;
				GCC_WARN_UNINITIALIZED_AUTOS = YES_AGGRESSIVE;
				GCC_WARN_UNUSED_FUNCTION = YES;
				GCC_WARN_UNUSED_VARIABLE = YES;
				IPHONEOS_DEPLOYMENT_TARGET = 17.5;
				LOCALIZATION_PREFERS_STRING_CATALOGS = YES;
				MTL_ENABLE_DEBUG_INFO = NO;
				MTL_FAST_MATH = YES;
				SDKROOT = iphoneos;
				SWIFT_COMPILATION_MODE = wholemodule;
				VALIDATE_PRODUCT = YES;
			};
			name = Release;
		};
		FF574B062C39129100CFD25E /* Debug */ = {
			isa = XCBuildConfiguration;
			buildSettings = {
				ASSETCATALOG_COMPILER_APPICON_NAME = AppIcon;
				ASSETCATALOG_COMPILER_GLOBAL_ACCENT_COLOR_NAME = AccentColor;
				CODE_SIGN_STYLE = Automatic;
				CURRENT_PROJECT_VERSION = 1;
				GENERATE_INFOPLIST_FILE = YES;
				INFOPLIST_FILE = pizza/Info.plist;
				INFOPLIST_KEY_UIApplicationSupportsIndirectInputEvents = YES;
				INFOPLIST_KEY_UILaunchStoryboardName = LaunchScreen;
				INFOPLIST_KEY_UISupportedInterfaceOrientations_iPad = "UIInterfaceOrientationPortrait UIInterfaceOrientationPortraitUpsideDown UIInterfaceOrientationLandscapeLeft UIInterfaceOrientationLandscapeRight";
				INFOPLIST_KEY_UISupportedInterfaceOrientations_iPhone = "UIInterfaceOrientationPortrait UIInterfaceOrientationLandscapeLeft UIInterfaceOrientationLandscapeRight";
				LD_RUNPATH_SEARCH_PATHS = (
					"$(inherited)",
					"@executable_path/Frameworks",
				);
				MARKETING_VERSION = 1.0;
				PRODUCT_BUNDLE_IDENTIFIER = ru.sulgik.pizza;
				PRODUCT_NAME = "$(TARGET_NAME)";
				SWIFT_EMIT_LOC_STRINGS = YES;
				SWIFT_VERSION = 5.0;
				TARGETED_DEVICE_FAMILY = "1,2";
			};
			name = Debug;
		};
		FF574B072C39129100CFD25E /* Release */ = {
			isa = XCBuildConfiguration;
			buildSettings = {
				ASSETCATALOG_COMPILER_APPICON_NAME = AppIcon;
				ASSETCATALOG_COMPILER_GLOBAL_ACCENT_COLOR_NAME = AccentColor;
				CODE_SIGN_STYLE = Automatic;
				CURRENT_PROJECT_VERSION = 1;
				GENERATE_INFOPLIST_FILE = YES;
				INFOPLIST_FILE = pizza/Info.plist;
				INFOPLIST_KEY_UIApplicationSupportsIndirectInputEvents = YES;
				INFOPLIST_KEY_UILaunchStoryboardName = LaunchScreen;
				INFOPLIST_KEY_UISupportedInterfaceOrientations_iPad = "UIInterfaceOrientationPortrait UIInterfaceOrientationPortraitUpsideDown UIInterfaceOrientationLandscapeLeft UIInterfaceOrientationLandscapeRight";
				INFOPLIST_KEY_UISupportedInterfaceOrientations_iPhone = "UIInterfaceOrientationPortrait UIInterfaceOrientationLandscapeLeft UIInterfaceOrientationLandscapeRight";
				LD_RUNPATH_SEARCH_PATHS = (
					"$(inherited)",
					"@executable_path/Frameworks",
				);
				MARKETING_VERSION = 1.0;
				PRODUCT_BUNDLE_IDENTIFIER = ru.sulgik.pizza;
				PRODUCT_NAME = "$(TARGET_NAME)";
				SWIFT_EMIT_LOC_STRINGS = YES;
				SWIFT_VERSION = 5.0;
				TARGETED_DEVICE_FAMILY = "1,2";
			};
			name = Release;
		};
/* End XCBuildConfiguration section */

/* Begin XCConfigurationList section */
		FF574AEC2C39128F00CFD25E /* Build configuration list for PBXProject "pizza" */ = {
			isa = XCConfigurationList;
			buildConfigurations = (
				FF574B032C39129100CFD25E /* Debug */,
				FF574B042C39129100CFD25E /* Release */,
			);
			defaultConfigurationIsVisible = 0;
			defaultConfigurationName = Release;
		};
		FF574B052C39129100CFD25E /* Build configuration list for PBXNativeTarget "pizza" */ = {
			isa = XCConfigurationList;
			buildConfigurations = (
				FF574B062C39129100CFD25E /* Debug */,
				FF574B072C39129100CFD25E /* Release */,
			);
			defaultConfigurationIsVisible = 0;
			defaultConfigurationName = Release;
		};
/* End XCConfigurationList section */

/* Begin XCRemoteSwiftPackageReference section */
		FF574B0A2C39150C00CFD25E /* XCRemoteSwiftPackageReference "SnapKit" */ = {
			isa = XCRemoteSwiftPackageReference;
			repositoryURL = "https://github.com/SnapKit/SnapKit.git";
			requirement = {
				kind = upToNextMajorVersion;
				minimumVersion = 5.7.1;
			};
		};
/* End XCRemoteSwiftPackageReference section */

/* Begin XCSwiftPackageProductDependency section */
		FF574B0B2C39150C00CFD25E /* SnapKit */ = {
			isa = XCSwiftPackageProductDependency;
			package = FF574B0A2C39150C00CFD25E /* XCRemoteSwiftPackageReference "SnapKit" */;
			productName = SnapKit;
		};
/* End XCSwiftPackageProductDependency section */
	};
	rootObject = FF574AE92C39128F00CFD25E /* Project object */;
}
